// !$*UTF8*$!
{
	archiveVersion = 1;
	classes = {
	};
	objectVersion = 51;
	objects = {

/* Begin PBXBuildFile section */
		5A3E459522923D250087B1E4 /* Reachability.swift in Sources */ = {isa = PBXBuildFile; fileRef = 5A3E459422923D250087B1E4 /* Reachability.swift */; };
		5A3E459722923D440087B1E4 /* SystemConfiguration.framework in Frameworks */ = {isa = PBXBuildFile; fileRef = 5A3E459622923D440087B1E4 /* SystemConfiguration.framework */; };
		5A3E459922923E120087B1E4 /* AlertManager.swift in Sources */ = {isa = PBXBuildFile; fileRef = 5A3E459822923E120087B1E4 /* AlertManager.swift */; };
		5A8149A122C56034004EF747 /* expense_export.php in Resources */ = {isa = PBXBuildFile; fileRef = 5A81499922C56034004EF747 /* expense_export.php */; };
		5A8149A222C56034004EF747 /* edit_expenses.php in Resources */ = {isa = PBXBuildFile; fileRef = 5A81499A22C56034004EF747 /* edit_expenses.php */; };
		5A8149A322C56034004EF747 /* reports.php in Resources */ = {isa = PBXBuildFile; fileRef = 5A81499B22C56034004EF747 /* reports.php */; };
		5A8149A422C56034004EF747 /* change_payment.php in Resources */ = {isa = PBXBuildFile; fileRef = 5A81499C22C56034004EF747 /* change_payment.php */; };
		5A8149A522C56034004EF747 /* change_vendor.php in Resources */ = {isa = PBXBuildFile; fileRef = 5A81499D22C56034004EF747 /* change_vendor.php */; };
		5A8149A622C56034004EF747 /* init_data.php in Resources */ = {isa = PBXBuildFile; fileRef = 5A81499E22C56034004EF747 /* init_data.php */; };
		5A8149A722C56034004EF747 /* expense_report.php in Resources */ = {isa = PBXBuildFile; fileRef = 5A81499F22C56034004EF747 /* expense_report.php */; };
		5A8149A822C56034004EF747 /* expenses.php in Resources */ = {isa = PBXBuildFile; fileRef = 5A8149A022C56034004EF747 /* expenses.php */; };
		5A817FB222FA19280020FA4F /* AdminVendorLookupViewController.swift in Sources */ = {isa = PBXBuildFile; fileRef = 5A817FB122FA19280020FA4F /* AdminVendorLookupViewController.swift */; };
		5A817FB422FA7A830020FA4F /* AdminVendorLookupListingVC.swift in Sources */ = {isa = PBXBuildFile; fileRef = 5A817FB322FA7A830020FA4F /* AdminVendorLookupListingVC.swift */; };
		5A817FB622FA7AB00020FA4F /* AdminVendorLookupYearsVC.swift in Sources */ = {isa = PBXBuildFile; fileRef = 5A817FB522FA7AB00020FA4F /* AdminVendorLookupYearsVC.swift */; };
		5ACF01FF223EFEC400FBD3DC /* AppDelegate.swift in Sources */ = {isa = PBXBuildFile; fileRef = 5ACF01FE223EFEC400FBD3DC /* AppDelegate.swift */; };
		5ACF0201223EFEC400FBD3DC /* ViewController.swift in Sources */ = {isa = PBXBuildFile; fileRef = 5ACF0200223EFEC400FBD3DC /* ViewController.swift */; };
		5ACF0204223EFEC400FBD3DC /* Main.storyboard in Resources */ = {isa = PBXBuildFile; fileRef = 5ACF0202223EFEC400FBD3DC /* Main.storyboard */; };
		5ACF0206223EFEC500FBD3DC /* Assets.xcassets in Resources */ = {isa = PBXBuildFile; fileRef = 5ACF0205223EFEC500FBD3DC /* Assets.xcassets */; };
		5ACF0209223EFEC500FBD3DC /* LaunchScreen.storyboard in Resources */ = {isa = PBXBuildFile; fileRef = 5ACF0207223EFEC500FBD3DC /* LaunchScreen.storyboard */; };
		5ACF0217223F0BA300FBD3DC /* ExpenseModel.swift in Sources */ = {isa = PBXBuildFile; fileRef = 5ACF0216223F0BA300FBD3DC /* ExpenseModel.swift */; };
		5ACF0219223F0BDB00FBD3DC /* PAndVModel.swift in Sources */ = {isa = PBXBuildFile; fileRef = 5ACF0218223F0BDB00FBD3DC /* PAndVModel.swift */; };
		5ACF021B223F0BFD00FBD3DC /* ReportModel.swift in Sources */ = {isa = PBXBuildFile; fileRef = 5ACF021A223F0BFD00FBD3DC /* ReportModel.swift */; };
		5ACF021D223F0C2000FBD3DC /* ExpsConstants.swift in Sources */ = {isa = PBXBuildFile; fileRef = 5ACF021C223F0C2000FBD3DC /* ExpsConstants.swift */; };
		5ACF0222223F0CC400FBD3DC /* myExp_cal.png in Resources */ = {isa = PBXBuildFile; fileRef = 5ACF021E223F0CC400FBD3DC /* myExp_cal.png */; };
		5ACF0223223F0CC400FBD3DC /* myExp_more.png in Resources */ = {isa = PBXBuildFile; fileRef = 5ACF021F223F0CC400FBD3DC /* myExp_more.png */; };
		5ACF0224223F0CC400FBD3DC /* myExp_back.png in Resources */ = {isa = PBXBuildFile; fileRef = 5ACF0220223F0CC400FBD3DC /* myExp_back.png */; };
		5ACF0225223F0CC400FBD3DC /* myExp_plus.png in Resources */ = {isa = PBXBuildFile; fileRef = 5ACF0221223F0CC400FBD3DC /* myExp_plus.png */; };
		5ACF0227223F0CFF00FBD3DC /* UtilsManager.swift in Sources */ = {isa = PBXBuildFile; fileRef = 5ACF0226223F0CFF00FBD3DC /* UtilsManager.swift */; };
		5ACF0229223F0D3000FBD3DC /* UserManager.swift in Sources */ = {isa = PBXBuildFile; fileRef = 5ACF0228223F0D3000FBD3DC /* UserManager.swift */; };
		5ACF022B223F0D8800FBD3DC /* ConnectionManager.swift in Sources */ = {isa = PBXBuildFile; fileRef = 5ACF022A223F0D8800FBD3DC /* ConnectionManager.swift */; };
		5ACF022E223F0DA200FBD3DC /* MapKit.framework in Frameworks */ = {isa = PBXBuildFile; fileRef = 5ACF022D223F0DA200FBD3DC /* MapKit.framework */; };
		5ACF0230223F0DE200FBD3DC /* DataManager.swift in Sources */ = {isa = PBXBuildFile; fileRef = 5ACF022F223F0DE200FBD3DC /* DataManager.swift */; };
		5ACF0232223F0E1400FBD3DC /* DisplayManager.swift in Sources */ = {isa = PBXBuildFile; fileRef = 5ACF0231223F0E1400FBD3DC /* DisplayManager.swift */; };
		5ACF023C223F0EF100FBD3DC /* PAndVCell.swift in Sources */ = {isa = PBXBuildFile; fileRef = 5ACF0233223F0EF100FBD3DC /* PAndVCell.swift */; };
		5ACF023D223F0EF100FBD3DC /* ExpenseCell.swift in Sources */ = {isa = PBXBuildFile; fileRef = 5ACF0234223F0EF100FBD3DC /* ExpenseCell.swift */; };
		5ACF023E223F0EF100FBD3DC /* LoginRegisterViewController.swift in Sources */ = {isa = PBXBuildFile; fileRef = 5ACF0235223F0EF100FBD3DC /* LoginRegisterViewController.swift */; };
		5ACF023F223F0EF100FBD3DC /* ExpenseCell.xib in Resources */ = {isa = PBXBuildFile; fileRef = 5ACF0236223F0EF100FBD3DC /* ExpenseCell.xib */; };
		5ACF0240223F0EF100FBD3DC /* ExpenseHomeViewController.swift in Sources */ = {isa = PBXBuildFile; fileRef = 5ACF0237223F0EF100FBD3DC /* ExpenseHomeViewController.swift */; };
		5ACF0241223F0EF100FBD3DC /* PAndVCell.xib in Resources */ = {isa = PBXBuildFile; fileRef = 5ACF0238223F0EF100FBD3DC /* PAndVCell.xib */; };
		5ACF0242223F0EF100FBD3DC /* ChangeDateViewController.swift in Sources */ = {isa = PBXBuildFile; fileRef = 5ACF0239223F0EF100FBD3DC /* ChangeDateViewController.swift */; };
		5ACF0243223F0EF100FBD3DC /* EditExpensesViewController.swift in Sources */ = {isa = PBXBuildFile; fileRef = 5ACF023A223F0EF100FBD3DC /* EditExpensesViewController.swift */; };
		5ACF0244223F0EF100FBD3DC /* PaymentsVendorsViewController.swift in Sources */ = {isa = PBXBuildFile; fileRef = 5ACF023B223F0EF100FBD3DC /* PaymentsVendorsViewController.swift */; };
		5ACF0252223F0F1400FBD3DC /* AdminPaymentsVendorsVC.swift in Sources */ = {isa = PBXBuildFile; fileRef = 5ACF0245223F0F1300FBD3DC /* AdminPaymentsVendorsVC.swift */; };
		5ACF0253223F0F1400FBD3DC /* AdminEditColorViewController.swift in Sources */ = {isa = PBXBuildFile; fileRef = 5ACF0246223F0F1300FBD3DC /* AdminEditColorViewController.swift */; };
		5ACF0254223F0F1400FBD3DC /* AdminReportCell.xib in Resources */ = {isa = PBXBuildFile; fileRef = 5ACF0247223F0F1300FBD3DC /* AdminReportCell.xib */; };
		5ACF0255223F0F1400FBD3DC /* AdminListCell.swift in Sources */ = {isa = PBXBuildFile; fileRef = 5ACF0248223F0F1300FBD3DC /* AdminListCell.swift */; };
		5ACF0256223F0F1400FBD3DC /* AdminDeviceInfoViewController.swift in Sources */ = {isa = PBXBuildFile; fileRef = 5ACF0249223F0F1300FBD3DC /* AdminDeviceInfoViewController.swift */; };
		5ACF0257223F0F1400FBD3DC /* AdminReportDateViewController.swift in Sources */ = {isa = PBXBuildFile; fileRef = 5ACF024A223F0F1300FBD3DC /* AdminReportDateViewController.swift */; };
		5ACF0258223F0F1400FBD3DC /* AdminColorsViewController.swift in Sources */ = {isa = PBXBuildFile; fileRef = 5ACF024B223F0F1300FBD3DC /* AdminColorsViewController.swift */; };
		5ACF0259223F0F1400FBD3DC /* AdminReportCell.swift in Sources */ = {isa = PBXBuildFile; fileRef = 5ACF024C223F0F1300FBD3DC /* AdminReportCell.swift */; };
		5ACF025A223F0F1400FBD3DC /* AdminPVEditViewController.swift in Sources */ = {isa = PBXBuildFile; fileRef = 5ACF024D223F0F1300FBD3DC /* AdminPVEditViewController.swift */; };
		5ACF025B223F0F1400FBD3DC /* AdminHomeViewController.swift in Sources */ = {isa = PBXBuildFile; fileRef = 5ACF024E223F0F1400FBD3DC /* AdminHomeViewController.swift */; };
		5ACF025C223F0F1400FBD3DC /* AdminListCell.xib in Resources */ = {isa = PBXBuildFile; fileRef = 5ACF024F223F0F1400FBD3DC /* AdminListCell.xib */; };
		5ACF025D223F0F1400FBD3DC /* AdminLocationChecksViewController.swift in Sources */ = {isa = PBXBuildFile; fileRef = 5ACF0250223F0F1400FBD3DC /* AdminLocationChecksViewController.swift */; };
		5ACF025E223F0F1400FBD3DC /* AdminShowReportsViewController.swift in Sources */ = {isa = PBXBuildFile; fileRef = 5ACF0251223F0F1400FBD3DC /* AdminShowReportsViewController.swift */; };
		5ACF0264223F0F6800FBD3DC /* loginRegister.storyboard in Resources */ = {isa = PBXBuildFile; fileRef = 5ACF0260223F0F6700FBD3DC /* loginRegister.storyboard */; };
		5ACF0265223F0F6800FBD3DC /* pandv.storyboard in Resources */ = {isa = PBXBuildFile; fileRef = 5ACF0261223F0F6700FBD3DC /* pandv.storyboard */; };
		5ACF0266223F0F6800FBD3DC /* admin.storyboard in Resources */ = {isa = PBXBuildFile; fileRef = 5ACF0262223F0F6800FBD3DC /* admin.storyboard */; };
		5ACF0267223F0F6800FBD3DC /* expenseHome.storyboard in Resources */ = {isa = PBXBuildFile; fileRef = 5ACF0263223F0F6800FBD3DC /* expenseHome.storyboard */; };
		FAFA36BCBD4EDB5412B1ED57 /* Pods_myExpenseTracker.framework in Frameworks */ = {isa = PBXBuildFile; fileRef = E8084A014FA81C182B874C59 /* Pods_myExpenseTracker.framework */; };
/* End PBXBuildFile section */

/* Begin PBXFileReference section */
		2B66D535C0966E71B02A78DC /* Pods-myExpenseTracker.debug.xcconfig */ = {isa = PBXFileReference; includeInIndex = 1; lastKnownFileType = text.xcconfig; name = "Pods-myExpenseTracker.debug.xcconfig"; path = "Target Support Files/Pods-myExpenseTracker/Pods-myExpenseTracker.debug.xcconfig"; sourceTree = "<group>"; };
		5A3E459422923D250087B1E4 /* Reachability.swift */ = {isa = PBXFileReference; lastKnownFileType = sourcecode.swift; path = Reachability.swift; sourceTree = "<group>"; };
		5A3E459622923D440087B1E4 /* SystemConfiguration.framework */ = {isa = PBXFileReference; lastKnownFileType = wrapper.framework; name = SystemConfiguration.framework; path = System/Library/Frameworks/SystemConfiguration.framework; sourceTree = SDKROOT; };
		5A3E459822923E120087B1E4 /* AlertManager.swift */ = {isa = PBXFileReference; lastKnownFileType = sourcecode.swift; path = AlertManager.swift; sourceTree = "<group>"; };
		5A81499922C56034004EF747 /* expense_export.php */ = {isa = PBXFileReference; fileEncoding = 4; lastKnownFileType = text.script.php; path = expense_export.php; sourceTree = "<group>"; };
		5A81499A22C56034004EF747 /* edit_expenses.php */ = {isa = PBXFileReference; fileEncoding = 4; lastKnownFileType = text.script.php; path = edit_expenses.php; sourceTree = "<group>"; };
		5A81499B22C56034004EF747 /* reports.php */ = {isa = PBXFileReference; fileEncoding = 4; lastKnownFileType = text.script.php; path = reports.php; sourceTree = "<group>"; };
		5A81499C22C56034004EF747 /* change_payment.php */ = {isa = PBXFileReference; fileEncoding = 4; lastKnownFileType = text.script.php; path = change_payment.php; sourceTree = "<group>"; };
		5A81499D22C56034004EF747 /* change_vendor.php */ = {isa = PBXFileReference; fileEncoding = 4; lastKnownFileType = text.script.php; path = change_vendor.php; sourceTree = "<group>"; };
		5A81499E22C56034004EF747 /* init_data.php */ = {isa = PBXFileReference; fileEncoding = 4; lastKnownFileType = text.script.php; path = init_data.php; sourceTree = "<group>"; };
		5A81499F22C56034004EF747 /* expense_report.php */ = {isa = PBXFileReference; fileEncoding = 4; lastKnownFileType = text.script.php; path = expense_report.php; sourceTree = "<group>"; };
		5A8149A022C56034004EF747 /* expenses.php */ = {isa = PBXFileReference; fileEncoding = 4; lastKnownFileType = text.script.php; path = expenses.php; sourceTree = "<group>"; };
		5A817FB122FA19280020FA4F /* AdminVendorLookupViewController.swift */ = {isa = PBXFileReference; lastKnownFileType = sourcecode.swift; path = AdminVendorLookupViewController.swift; sourceTree = "<group>"; };
		5A817FB322FA7A830020FA4F /* AdminVendorLookupListingVC.swift */ = {isa = PBXFileReference; lastKnownFileType = sourcecode.swift; path = AdminVendorLookupListingVC.swift; sourceTree = "<group>"; };
		5A817FB522FA7AB00020FA4F /* AdminVendorLookupYearsVC.swift */ = {isa = PBXFileReference; lastKnownFileType = sourcecode.swift; path = AdminVendorLookupYearsVC.swift; sourceTree = "<group>"; };
		5ACF01FB223EFEC400FBD3DC /* myExpenseTracker.app */ = {isa = PBXFileReference; explicitFileType = wrapper.application; includeInIndex = 0; path = myExpenseTracker.app; sourceTree = BUILT_PRODUCTS_DIR; };
		5ACF01FE223EFEC400FBD3DC /* AppDelegate.swift */ = {isa = PBXFileReference; lastKnownFileType = sourcecode.swift; path = AppDelegate.swift; sourceTree = "<group>"; };
		5ACF0200223EFEC400FBD3DC /* ViewController.swift */ = {isa = PBXFileReference; lastKnownFileType = sourcecode.swift; path = ViewController.swift; sourceTree = "<group>"; };
		5ACF0203223EFEC400FBD3DC /* Base */ = {isa = PBXFileReference; lastKnownFileType = file.storyboard; name = Base; path = Base.lproj/Main.storyboard; sourceTree = "<group>"; };
		5ACF0205223EFEC500FBD3DC /* Assets.xcassets */ = {isa = PBXFileReference; lastKnownFileType = folder.assetcatalog; path = Assets.xcassets; sourceTree = "<group>"; };
		5ACF0208223EFEC500FBD3DC /* Base */ = {isa = PBXFileReference; lastKnownFileType = file.storyboard; name = Base; path = Base.lproj/LaunchScreen.storyboard; sourceTree = "<group>"; };
		5ACF020A223EFEC500FBD3DC /* Info.plist */ = {isa = PBXFileReference; lastKnownFileType = text.plist.xml; path = Info.plist; sourceTree = "<group>"; };
		5ACF0216223F0BA300FBD3DC /* ExpenseModel.swift */ = {isa = PBXFileReference; lastKnownFileType = sourcecode.swift; path = ExpenseModel.swift; sourceTree = "<group>"; };
		5ACF0218223F0BDB00FBD3DC /* PAndVModel.swift */ = {isa = PBXFileReference; lastKnownFileType = sourcecode.swift; path = PAndVModel.swift; sourceTree = "<group>"; };
		5ACF021A223F0BFD00FBD3DC /* ReportModel.swift */ = {isa = PBXFileReference; lastKnownFileType = sourcecode.swift; path = ReportModel.swift; sourceTree = "<group>"; };
		5ACF021C223F0C2000FBD3DC /* ExpsConstants.swift */ = {isa = PBXFileReference; lastKnownFileType = sourcecode.swift; path = ExpsConstants.swift; sourceTree = "<group>"; };
		5ACF021E223F0CC400FBD3DC /* myExp_cal.png */ = {isa = PBXFileReference; lastKnownFileType = image.png; path = myExp_cal.png; sourceTree = "<group>"; };
		5ACF021F223F0CC400FBD3DC /* myExp_more.png */ = {isa = PBXFileReference; lastKnownFileType = image.png; path = myExp_more.png; sourceTree = "<group>"; };
		5ACF0220223F0CC400FBD3DC /* myExp_back.png */ = {isa = PBXFileReference; lastKnownFileType = image.png; path = myExp_back.png; sourceTree = "<group>"; };
		5ACF0221223F0CC400FBD3DC /* myExp_plus.png */ = {isa = PBXFileReference; lastKnownFileType = image.png; path = myExp_plus.png; sourceTree = "<group>"; };
		5ACF0226223F0CFF00FBD3DC /* UtilsManager.swift */ = {isa = PBXFileReference; lastKnownFileType = sourcecode.swift; path = UtilsManager.swift; sourceTree = "<group>"; };
		5ACF0228223F0D3000FBD3DC /* UserManager.swift */ = {isa = PBXFileReference; lastKnownFileType = sourcecode.swift; path = UserManager.swift; sourceTree = "<group>"; };
		5ACF022A223F0D8800FBD3DC /* ConnectionManager.swift */ = {isa = PBXFileReference; lastKnownFileType = sourcecode.swift; path = ConnectionManager.swift; sourceTree = "<group>"; };
		5ACF022D223F0DA200FBD3DC /* MapKit.framework */ = {isa = PBXFileReference; lastKnownFileType = wrapper.framework; name = MapKit.framework; path = System/Library/Frameworks/MapKit.framework; sourceTree = SDKROOT; };
		5ACF022F223F0DE200FBD3DC /* DataManager.swift */ = {isa = PBXFileReference; lastKnownFileType = sourcecode.swift; path = DataManager.swift; sourceTree = "<group>"; };
		5ACF0231223F0E1400FBD3DC /* DisplayManager.swift */ = {isa = PBXFileReference; lastKnownFileType = sourcecode.swift; path = DisplayManager.swift; sourceTree = "<group>"; };
		5ACF0233223F0EF100FBD3DC /* PAndVCell.swift */ = {isa = PBXFileReference; fileEncoding = 4; lastKnownFileType = sourcecode.swift; path = PAndVCell.swift; sourceTree = "<group>"; };
		5ACF0234223F0EF100FBD3DC /* ExpenseCell.swift */ = {isa = PBXFileReference; fileEncoding = 4; lastKnownFileType = sourcecode.swift; path = ExpenseCell.swift; sourceTree = "<group>"; };
		5ACF0235223F0EF100FBD3DC /* LoginRegisterViewController.swift */ = {isa = PBXFileReference; fileEncoding = 4; lastKnownFileType = sourcecode.swift; path = LoginRegisterViewController.swift; sourceTree = "<group>"; };
		5ACF0236223F0EF100FBD3DC /* ExpenseCell.xib */ = {isa = PBXFileReference; fileEncoding = 4; lastKnownFileType = file.xib; path = ExpenseCell.xib; sourceTree = "<group>"; };
		5ACF0237223F0EF100FBD3DC /* ExpenseHomeViewController.swift */ = {isa = PBXFileReference; fileEncoding = 4; lastKnownFileType = sourcecode.swift; path = ExpenseHomeViewController.swift; sourceTree = "<group>"; };
		5ACF0238223F0EF100FBD3DC /* PAndVCell.xib */ = {isa = PBXFileReference; fileEncoding = 4; lastKnownFileType = file.xib; path = PAndVCell.xib; sourceTree = "<group>"; };
		5ACF0239223F0EF100FBD3DC /* ChangeDateViewController.swift */ = {isa = PBXFileReference; fileEncoding = 4; lastKnownFileType = sourcecode.swift; path = ChangeDateViewController.swift; sourceTree = "<group>"; };
		5ACF023A223F0EF100FBD3DC /* EditExpensesViewController.swift */ = {isa = PBXFileReference; fileEncoding = 4; lastKnownFileType = sourcecode.swift; path = EditExpensesViewController.swift; sourceTree = "<group>"; };
		5ACF023B223F0EF100FBD3DC /* PaymentsVendorsViewController.swift */ = {isa = PBXFileReference; fileEncoding = 4; lastKnownFileType = sourcecode.swift; path = PaymentsVendorsViewController.swift; sourceTree = "<group>"; };
		5ACF0245223F0F1300FBD3DC /* AdminPaymentsVendorsVC.swift */ = {isa = PBXFileReference; fileEncoding = 4; lastKnownFileType = sourcecode.swift; path = AdminPaymentsVendorsVC.swift; sourceTree = "<group>"; };
		5ACF0246223F0F1300FBD3DC /* AdminEditColorViewController.swift */ = {isa = PBXFileReference; fileEncoding = 4; lastKnownFileType = sourcecode.swift; path = AdminEditColorViewController.swift; sourceTree = "<group>"; };
		5ACF0247223F0F1300FBD3DC /* AdminReportCell.xib */ = {isa = PBXFileReference; fileEncoding = 4; lastKnownFileType = file.xib; path = AdminReportCell.xib; sourceTree = "<group>"; };
		5ACF0248223F0F1300FBD3DC /* AdminListCell.swift */ = {isa = PBXFileReference; fileEncoding = 4; lastKnownFileType = sourcecode.swift; path = AdminListCell.swift; sourceTree = "<group>"; };
		5ACF0249223F0F1300FBD3DC /* AdminDeviceInfoViewController.swift */ = {isa = PBXFileReference; fileEncoding = 4; lastKnownFileType = sourcecode.swift; path = AdminDeviceInfoViewController.swift; sourceTree = "<group>"; };
		5ACF024A223F0F1300FBD3DC /* AdminReportDateViewController.swift */ = {isa = PBXFileReference; fileEncoding = 4; lastKnownFileType = sourcecode.swift; path = AdminReportDateViewController.swift; sourceTree = "<group>"; };
		5ACF024B223F0F1300FBD3DC /* AdminColorsViewController.swift */ = {isa = PBXFileReference; fileEncoding = 4; lastKnownFileType = sourcecode.swift; path = AdminColorsViewController.swift; sourceTree = "<group>"; };
		5ACF024C223F0F1300FBD3DC /* AdminReportCell.swift */ = {isa = PBXFileReference; fileEncoding = 4; lastKnownFileType = sourcecode.swift; path = AdminReportCell.swift; sourceTree = "<group>"; };
		5ACF024D223F0F1300FBD3DC /* AdminPVEditViewController.swift */ = {isa = PBXFileReference; fileEncoding = 4; lastKnownFileType = sourcecode.swift; path = AdminPVEditViewController.swift; sourceTree = "<group>"; };
		5ACF024E223F0F1400FBD3DC /* AdminHomeViewController.swift */ = {isa = PBXFileReference; fileEncoding = 4; lastKnownFileType = sourcecode.swift; path = AdminHomeViewController.swift; sourceTree = "<group>"; };
		5ACF024F223F0F1400FBD3DC /* AdminListCell.xib */ = {isa = PBXFileReference; fileEncoding = 4; lastKnownFileType = file.xib; path = AdminListCell.xib; sourceTree = "<group>"; };
		5ACF0250223F0F1400FBD3DC /* AdminLocationChecksViewController.swift */ = {isa = PBXFileReference; fileEncoding = 4; lastKnownFileType = sourcecode.swift; path = AdminLocationChecksViewController.swift; sourceTree = "<group>"; };
		5ACF0251223F0F1400FBD3DC /* AdminShowReportsViewController.swift */ = {isa = PBXFileReference; fileEncoding = 4; lastKnownFileType = sourcecode.swift; path = AdminShowReportsViewController.swift; sourceTree = "<group>"; };
		5ACF0260223F0F6700FBD3DC /* loginRegister.storyboard */ = {isa = PBXFileReference; fileEncoding = 4; lastKnownFileType = file.storyboard; path = loginRegister.storyboard; sourceTree = "<group>"; };
		5ACF0261223F0F6700FBD3DC /* pandv.storyboard */ = {isa = PBXFileReference; fileEncoding = 4; lastKnownFileType = file.storyboard; path = pandv.storyboard; sourceTree = "<group>"; };
		5ACF0262223F0F6800FBD3DC /* admin.storyboard */ = {isa = PBXFileReference; fileEncoding = 4; lastKnownFileType = file.storyboard; path = admin.storyboard; sourceTree = "<group>"; };
		5ACF0263223F0F6800FBD3DC /* expenseHome.storyboard */ = {isa = PBXFileReference; fileEncoding = 4; lastKnownFileType = file.storyboard; path = expenseHome.storyboard; sourceTree = "<group>"; };
		B802BF75536E766A536DC9B4 /* Pods-myExpenseTracker.release.xcconfig */ = {isa = PBXFileReference; includeInIndex = 1; lastKnownFileType = text.xcconfig; name = "Pods-myExpenseTracker.release.xcconfig"; path = "Target Support Files/Pods-myExpenseTracker/Pods-myExpenseTracker.release.xcconfig"; sourceTree = "<group>"; };
		E8084A014FA81C182B874C59 /* Pods_myExpenseTracker.framework */ = {isa = PBXFileReference; explicitFileType = wrapper.framework; includeInIndex = 0; path = Pods_myExpenseTracker.framework; sourceTree = BUILT_PRODUCTS_DIR; };
/* End PBXFileReference section */

/* Begin PBXFrameworksBuildPhase section */
		5ACF01F8223EFEC400FBD3DC /* Frameworks */ = {
			isa = PBXFrameworksBuildPhase;
			buildActionMask = 2147483647;
			files = (
				5A3E459722923D440087B1E4 /* SystemConfiguration.framework in Frameworks */,
				5ACF022E223F0DA200FBD3DC /* MapKit.framework in Frameworks */,
				FAFA36BCBD4EDB5412B1ED57 /* Pods_myExpenseTracker.framework in Frameworks */,
			);
			runOnlyForDeploymentPostprocessing = 0;
		};
/* End PBXFrameworksBuildPhase section */

/* Begin PBXGroup section */
		5A81499822C55FF4004EF747 /* PHP */ = {
			isa = PBXGroup;
			children = (
				5A81499C22C56034004EF747 /* change_payment.php */,
				5A81499D22C56034004EF747 /* change_vendor.php */,
				5A81499A22C56034004EF747 /* edit_expenses.php */,
				5A81499922C56034004EF747 /* expense_export.php */,
				5A81499F22C56034004EF747 /* expense_report.php */,
				5A8149A022C56034004EF747 /* expenses.php */,
				5A81499E22C56034004EF747 /* init_data.php */,
				5A81499B22C56034004EF747 /* reports.php */,
			);
			path = PHP;
			sourceTree = "<group>";
		};
		5A817FB022FA18D00020FA4F /* helper */ = {
			isa = PBXGroup;
			children = (
				5A817FB122FA19280020FA4F /* AdminVendorLookupViewController.swift */,
				5A817FB322FA7A830020FA4F /* AdminVendorLookupListingVC.swift */,
				5A817FB522FA7AB00020FA4F /* AdminVendorLookupYearsVC.swift */,
			);
			path = helper;
			sourceTree = "<group>";
		};
		5ACF01F2223EFEC400FBD3DC = {
			isa = PBXGroup;
			children = (
				5ACF01FD223EFEC400FBD3DC /* myExpenseTracker */,
				5ACF01FC223EFEC400FBD3DC /* Products */,
				5ACF022C223F0DA100FBD3DC /* Frameworks */,
				B74E466A073D6F55FA336D91 /* Pods */,
			);
			sourceTree = "<group>";
		};
		5ACF01FC223EFEC400FBD3DC /* Products */ = {
			isa = PBXGroup;
			children = (
				5ACF01FB223EFEC400FBD3DC /* myExpenseTracker.app */,
			);
			name = Products;
			sourceTree = "<group>";
		};
		5ACF01FD223EFEC400FBD3DC /* myExpenseTracker */ = {
			isa = PBXGroup;
			children = (
				5ACF01FE223EFEC400FBD3DC /* AppDelegate.swift */,
				5ACF0200223EFEC400FBD3DC /* ViewController.swift */,
				5ACF0210223EFFD700FBD3DC /* admin */,
				5A817FB022FA18D00020FA4F /* helper */,
				5ACF0211223EFFE800FBD3DC /* controllers */,
				5ACF0212223EFFF600FBD3DC /* images */,
				5ACF0213223F000600FBD3DC /* managers */,
				5ACF0214223F001700FBD3DC /* models */,
				5ACF0215223F002600FBD3DC /* storyboards */,
				5A81499822C55FF4004EF747 /* PHP */,
				5ACF0202223EFEC400FBD3DC /* Main.storyboard */,
				5ACF0205223EFEC500FBD3DC /* Assets.xcassets */,
				5ACF0207223EFEC500FBD3DC /* LaunchScreen.storyboard */,
				5ACF020A223EFEC500FBD3DC /* Info.plist */,
			);
			path = myExpenseTracker;
			sourceTree = "<group>";
		};
		5ACF0210223EFFD700FBD3DC /* admin */ = {
			isa = PBXGroup;
			children = (
				5ACF024E223F0F1400FBD3DC /* AdminHomeViewController.swift */,
				5ACF0248223F0F1300FBD3DC /* AdminListCell.swift */,
				5ACF024F223F0F1400FBD3DC /* AdminListCell.xib */,
				5ACF024B223F0F1300FBD3DC /* AdminColorsViewController.swift */,
				5ACF0246223F0F1300FBD3DC /* AdminEditColorViewController.swift */,
				5ACF0245223F0F1300FBD3DC /* AdminPaymentsVendorsVC.swift */,
				5ACF024D223F0F1300FBD3DC /* AdminPVEditViewController.swift */,
				5ACF024A223F0F1300FBD3DC /* AdminReportDateViewController.swift */,
				5ACF024C223F0F1300FBD3DC /* AdminReportCell.swift */,
				5ACF0247223F0F1300FBD3DC /* AdminReportCell.xib */,
				5ACF0251223F0F1400FBD3DC /* AdminShowReportsViewController.swift */,
				5ACF0250223F0F1400FBD3DC /* AdminLocationChecksViewController.swift */,
				5ACF0249223F0F1300FBD3DC /* AdminDeviceInfoViewController.swift */,
			);
			path = admin;
			sourceTree = "<group>";
		};
		5ACF0211223EFFE800FBD3DC /* controllers */ = {
			isa = PBXGroup;
			children = (
				5ACF0237223F0EF100FBD3DC /* ExpenseHomeViewController.swift */,
				5ACF0234223F0EF100FBD3DC /* ExpenseCell.swift */,
				5ACF0236223F0EF100FBD3DC /* ExpenseCell.xib */,
				5ACF0239223F0EF100FBD3DC /* ChangeDateViewController.swift */,
				5ACF023A223F0EF100FBD3DC /* EditExpensesViewController.swift */,
				5ACF0235223F0EF100FBD3DC /* LoginRegisterViewController.swift */,
				5ACF023B223F0EF100FBD3DC /* PaymentsVendorsViewController.swift */,
				5ACF0233223F0EF100FBD3DC /* PAndVCell.swift */,
				5ACF0238223F0EF100FBD3DC /* PAndVCell.xib */,
			);
			path = controllers;
			sourceTree = "<group>";
		};
		5ACF0212223EFFF600FBD3DC /* images */ = {
			isa = PBXGroup;
			children = (
				5ACF0220223F0CC400FBD3DC /* myExp_back.png */,
				5ACF021E223F0CC400FBD3DC /* myExp_cal.png */,
				5ACF021F223F0CC400FBD3DC /* myExp_more.png */,
				5ACF0221223F0CC400FBD3DC /* myExp_plus.png */,
			);
			path = images;
			sourceTree = "<group>";
		};
		5ACF0213223F000600FBD3DC /* managers */ = {
			isa = PBXGroup;
			children = (
				5ACF0228223F0D3000FBD3DC /* UserManager.swift */,
				5ACF0226223F0CFF00FBD3DC /* UtilsManager.swift */,
				5ACF022A223F0D8800FBD3DC /* ConnectionManager.swift */,
				5ACF022F223F0DE200FBD3DC /* DataManager.swift */,
				5ACF0231223F0E1400FBD3DC /* DisplayManager.swift */,
				5A3E459422923D250087B1E4 /* Reachability.swift */,
				5A3E459822923E120087B1E4 /* AlertManager.swift */,
			);
			path = managers;
			sourceTree = "<group>";
		};
		5ACF0214223F001700FBD3DC /* models */ = {
			isa = PBXGroup;
			children = (
				5ACF0216223F0BA300FBD3DC /* ExpenseModel.swift */,
				5ACF0218223F0BDB00FBD3DC /* PAndVModel.swift */,
				5ACF021A223F0BFD00FBD3DC /* ReportModel.swift */,
				5ACF021C223F0C2000FBD3DC /* ExpsConstants.swift */,
			);
			path = models;
			sourceTree = "<group>";
		};
		5ACF0215223F002600FBD3DC /* storyboards */ = {
			isa = PBXGroup;
			children = (
				5ACF0262223F0F6800FBD3DC /* admin.storyboard */,
				5ACF0263223F0F6800FBD3DC /* expenseHome.storyboard */,
				5ACF0260223F0F6700FBD3DC /* loginRegister.storyboard */,
				5ACF0261223F0F6700FBD3DC /* pandv.storyboard */,
			);
			path = storyboards;
			sourceTree = "<group>";
		};
		5ACF022C223F0DA100FBD3DC /* Frameworks */ = {
			isa = PBXGroup;
			children = (
				5A3E459622923D440087B1E4 /* SystemConfiguration.framework */,
				5ACF022D223F0DA200FBD3DC /* MapKit.framework */,
				E8084A014FA81C182B874C59 /* Pods_myExpenseTracker.framework */,
			);
			name = Frameworks;
			sourceTree = "<group>";
		};
		B74E466A073D6F55FA336D91 /* Pods */ = {
			isa = PBXGroup;
			children = (
				2B66D535C0966E71B02A78DC /* Pods-myExpenseTracker.debug.xcconfig */,
				B802BF75536E766A536DC9B4 /* Pods-myExpenseTracker.release.xcconfig */,
			);
			path = Pods;
			sourceTree = "<group>";
		};
/* End PBXGroup section */

/* Begin PBXNativeTarget section */
		5ACF01FA223EFEC400FBD3DC /* myExpenseTracker */ = {
			isa = PBXNativeTarget;
			buildConfigurationList = 5ACF020D223EFEC500FBD3DC /* Build configuration list for PBXNativeTarget "myExpenseTracker" */;
			buildPhases = (
				80175F7FA1D414B1A9836BDB /* [CP] Check Pods Manifest.lock */,
				5ACF01F7223EFEC400FBD3DC /* Sources */,
				5ACF01F8223EFEC400FBD3DC /* Frameworks */,
				5ACF01F9223EFEC400FBD3DC /* Resources */,
				5630D17FD45621849C214E76 /* [CP] Embed Pods Frameworks */,
			);
			buildRules = (
			);
			dependencies = (
			);
			name = myExpenseTracker;
			productName = myExpenseTracker;
			productReference = 5ACF01FB223EFEC400FBD3DC /* myExpenseTracker.app */;
			productType = "com.apple.product-type.application";
		};
/* End PBXNativeTarget section */

/* Begin PBXProject section */
		5ACF01F3223EFEC400FBD3DC /* Project object */ = {
			isa = PBXProject;
			attributes = {
				LastSwiftUpdateCheck = 1010;
				LastUpgradeCheck = 1010;
				ORGANIZATIONNAME = "Home Office";
				TargetAttributes = {
					5ACF01FA223EFEC400FBD3DC = {
						CreatedOnToolsVersion = 10.1;
					};
				};
			};
			buildConfigurationList = 5ACF01F6223EFEC400FBD3DC /* Build configuration list for PBXProject "myExpenseTracker" */;
			compatibilityVersion = "Xcode 9.3";
			developmentRegion = en;
			hasScannedForEncodings = 0;
			knownRegions = (
				en,
				Base,
			);
			mainGroup = 5ACF01F2223EFEC400FBD3DC;
			productRefGroup = 5ACF01FC223EFEC400FBD3DC /* Products */;
			projectDirPath = "";
			projectRoot = "";
			targets = (
				5ACF01FA223EFEC400FBD3DC /* myExpenseTracker */,
			);
		};
/* End PBXProject section */

/* Begin PBXResourcesBuildPhase section */
		5ACF01F9223EFEC400FBD3DC /* Resources */ = {
			isa = PBXResourcesBuildPhase;
			buildActionMask = 2147483647;
			files = (
				5ACF023F223F0EF100FBD3DC /* ExpenseCell.xib in Resources */,
				5A8149A122C56034004EF747 /* expense_export.php in Resources */,
				5A8149A522C56034004EF747 /* change_vendor.php in Resources */,
				5ACF0209223EFEC500FBD3DC /* LaunchScreen.storyboard in Resources */,
				5ACF0206223EFEC500FBD3DC /* Assets.xcassets in Resources */,
				5ACF0224223F0CC400FBD3DC /* myExp_back.png in Resources */,
				5ACF0223223F0CC400FBD3DC /* myExp_more.png in Resources */,
				5ACF0241223F0EF100FBD3DC /* PAndVCell.xib in Resources */,
				5A8149A422C56034004EF747 /* change_payment.php in Resources */,
				5ACF0267223F0F6800FBD3DC /* expenseHome.storyboard in Resources */,
				5ACF0222223F0CC400FBD3DC /* myExp_cal.png in Resources */,
				5ACF0225223F0CC400FBD3DC /* myExp_plus.png in Resources */,
				5ACF0265223F0F6800FBD3DC /* pandv.storyboard in Resources */,
				5ACF025C223F0F1400FBD3DC /* AdminListCell.xib in Resources */,
				5A8149A822C56034004EF747 /* expenses.php in Resources */,
				5ACF0264223F0F6800FBD3DC /* loginRegister.storyboard in Resources */,
				5ACF0204223EFEC400FBD3DC /* Main.storyboard in Resources */,
				5ACF0266223F0F6800FBD3DC /* admin.storyboard in Resources */,
				5A8149A722C56034004EF747 /* expense_report.php in Resources */,
				5A8149A222C56034004EF747 /* edit_expenses.php in Resources */,
				5A8149A322C56034004EF747 /* reports.php in Resources */,
				5A8149A622C56034004EF747 /* init_data.php in Resources */,
				5ACF0254223F0F1400FBD3DC /* AdminReportCell.xib in Resources */,
			);
			runOnlyForDeploymentPostprocessing = 0;
		};
/* End PBXResourcesBuildPhase section */

/* Begin PBXShellScriptBuildPhase section */
		5630D17FD45621849C214E76 /* [CP] Embed Pods Frameworks */ = {
			isa = PBXShellScriptBuildPhase;
			buildActionMask = 2147483647;
			files = (
			);
			inputFileListPaths = (
				"${PODS_ROOT}/Target Support Files/Pods-myExpenseTracker/Pods-myExpenseTracker-frameworks-${CONFIGURATION}-input-files.xcfilelist",
			);
			name = "[CP] Embed Pods Frameworks";
			outputFileListPaths = (
				"${PODS_ROOT}/Target Support Files/Pods-myExpenseTracker/Pods-myExpenseTracker-frameworks-${CONFIGURATION}-output-files.xcfilelist",
			);
			runOnlyForDeploymentPostprocessing = 0;
			shellPath = /bin/sh;
			shellScript = "\"${PODS_ROOT}/Target Support Files/Pods-myExpenseTracker/Pods-myExpenseTracker-frameworks.sh\"\n";
			showEnvVarsInLog = 0;
		};
		80175F7FA1D414B1A9836BDB /* [CP] Check Pods Manifest.lock */ = {
			isa = PBXShellScriptBuildPhase;
			buildActionMask = 2147483647;
			files = (
			);
			inputFileListPaths = (
			);
			inputPaths = (
				"${PODS_PODFILE_DIR_PATH}/Podfile.lock",
				"${PODS_ROOT}/Manifest.lock",
			);
			name = "[CP] Check Pods Manifest.lock";
			outputFileListPaths = (
			);
			outputPaths = (
				"$(DERIVED_FILE_DIR)/Pods-myExpenseTracker-checkManifestLockResult.txt",
			);
			runOnlyForDeploymentPostprocessing = 0;
			shellPath = /bin/sh;
			shellScript = "diff \"${PODS_PODFILE_DIR_PATH}/Podfile.lock\" \"${PODS_ROOT}/Manifest.lock\" > /dev/null\nif [ $? != 0 ] ; then\n    # print error to STDERR\n    echo \"error: The sandbox is not in sync with the Podfile.lock. Run 'pod install' or update your CocoaPods installation.\" >&2\n    exit 1\nfi\n# This output is used by Xcode 'outputs' to avoid re-running this script phase.\necho \"SUCCESS\" > \"${SCRIPT_OUTPUT_FILE_0}\"\n";
			showEnvVarsInLog = 0;
		};
/* End PBXShellScriptBuildPhase section */

/* Begin PBXSourcesBuildPhase section */
		5ACF01F7223EFEC400FBD3DC /* Sources */ = {
			isa = PBXSourcesBuildPhase;
			buildActionMask = 2147483647;
			files = (
				5ACF0217223F0BA300FBD3DC /* ExpenseModel.swift in Sources */,
				5ACF0255223F0F1400FBD3DC /* AdminListCell.swift in Sources */,
				5ACF0230223F0DE200FBD3DC /* DataManager.swift in Sources */,
				5ACF021D223F0C2000FBD3DC /* ExpsConstants.swift in Sources */,
				5ACF0244223F0EF100FBD3DC /* PaymentsVendorsViewController.swift in Sources */,
				5ACF023E223F0EF100FBD3DC /* LoginRegisterViewController.swift in Sources */,
				5ACF0240223F0EF100FBD3DC /* ExpenseHomeViewController.swift in Sources */,
				5ACF0253223F0F1400FBD3DC /* AdminEditColorViewController.swift in Sources */,
				5A3E459522923D250087B1E4 /* Reachability.swift in Sources */,
				5ACF023C223F0EF100FBD3DC /* PAndVCell.swift in Sources */,
				5ACF0257223F0F1400FBD3DC /* AdminReportDateViewController.swift in Sources */,
				5ACF0243223F0EF100FBD3DC /* EditExpensesViewController.swift in Sources */,
				5ACF023D223F0EF100FBD3DC /* ExpenseCell.swift in Sources */,
				5ACF025D223F0F1400FBD3DC /* AdminLocationChecksViewController.swift in Sources */,
				5ACF0219223F0BDB00FBD3DC /* PAndVModel.swift in Sources */,
				5ACF021B223F0BFD00FBD3DC /* ReportModel.swift in Sources */,
				5A817FB222FA19280020FA4F /* AdminVendorLookupViewController.swift in Sources */,
				5ACF022B223F0D8800FBD3DC /* ConnectionManager.swift in Sources */,
				5ACF025B223F0F1400FBD3DC /* AdminHomeViewController.swift in Sources */,
				5ACF0259223F0F1400FBD3DC /* AdminReportCell.swift in Sources */,
				5ACF025A223F0F1400FBD3DC /* AdminPVEditViewController.swift in Sources */,
				5A817FB622FA7AB00020FA4F /* AdminVendorLookupYearsVC.swift in Sources */,
				5ACF0227223F0CFF00FBD3DC /* UtilsManager.swift in Sources */,
				5ACF0232223F0E1400FBD3DC /* DisplayManager.swift in Sources */,
				5ACF0256223F0F1400FBD3DC /* AdminDeviceInfoViewController.swift in Sources */,
				5ACF025E223F0F1400FBD3DC /* AdminShowReportsViewController.swift in Sources */,
				5ACF0252223F0F1400FBD3DC /* AdminPaymentsVendorsVC.swift in Sources */,
				5A3E459922923E120087B1E4 /* AlertManager.swift in Sources */,
				5ACF0242223F0EF100FBD3DC /* ChangeDateViewController.swift in Sources */,
				5A817FB422FA7A830020FA4F /* AdminVendorLookupListingVC.swift in Sources */,
				5ACF0258223F0F1400FBD3DC /* AdminColorsViewController.swift in Sources */,
				5ACF0201223EFEC400FBD3DC /* ViewController.swift in Sources */,
				5ACF0229223F0D3000FBD3DC /* UserManager.swift in Sources */,
				5ACF01FF223EFEC400FBD3DC /* AppDelegate.swift in Sources */,
			);
			runOnlyForDeploymentPostprocessing = 0;
		};
/* End PBXSourcesBuildPhase section */

/* Begin PBXVariantGroup section */
		5ACF0202223EFEC400FBD3DC /* Main.storyboard */ = {
			isa = PBXVariantGroup;
			children = (
				5ACF0203223EFEC400FBD3DC /* Base */,
			);
			name = Main.storyboard;
			sourceTree = "<group>";
		};
		5ACF0207223EFEC500FBD3DC /* LaunchScreen.storyboard */ = {
			isa = PBXVariantGroup;
			children = (
				5ACF0208223EFEC500FBD3DC /* Base */,
			);
			name = LaunchScreen.storyboard;
			sourceTree = "<group>";
		};
/* End PBXVariantGroup section */

/* Begin XCBuildConfiguration section */
		5ACF020B223EFEC500FBD3DC /* Debug */ = {
			isa = XCBuildConfiguration;
			buildSettings = {
				ALWAYS_SEARCH_USER_PATHS = NO;
				CLANG_ANALYZER_NONNULL = YES;
				CLANG_ANALYZER_NUMBER_OBJECT_CONVERSION = YES_AGGRESSIVE;
				CLANG_CXX_LANGUAGE_STANDARD = "gnu++14";
				CLANG_CXX_LIBRARY = "libc++";
				CLANG_ENABLE_MODULES = YES;
				CLANG_ENABLE_OBJC_ARC = YES;
				CLANG_ENABLE_OBJC_WEAK = YES;
				CLANG_WARN_BLOCK_CAPTURE_AUTORELEASING = YES;
				CLANG_WARN_BOOL_CONVERSION = YES;
				CLANG_WARN_COMMA = YES;
				CLANG_WARN_CONSTANT_CONVERSION = YES;
				CLANG_WARN_DEPRECATED_OBJC_IMPLEMENTATIONS = YES;
				CLANG_WARN_DIRECT_OBJC_ISA_USAGE = YES_ERROR;
				CLANG_WARN_DOCUMENTATION_COMMENTS = YES;
				CLANG_WARN_EMPTY_BODY = YES;
				CLANG_WARN_ENUM_CONVERSION = YES;
				CLANG_WARN_INFINITE_RECURSION = YES;
				CLANG_WARN_INT_CONVERSION = YES;
				CLANG_WARN_NON_LITERAL_NULL_CONVERSION = YES;
				CLANG_WARN_OBJC_IMPLICIT_RETAIN_SELF = YES;
				CLANG_WARN_OBJC_LITERAL_CONVERSION = YES;
				CLANG_WARN_OBJC_ROOT_CLASS = YES_ERROR;
				CLANG_WARN_RANGE_LOOP_ANALYSIS = YES;
				CLANG_WARN_STRICT_PROTOTYPES = YES;
				CLANG_WARN_SUSPICIOUS_MOVE = YES;
				CLANG_WARN_UNGUARDED_AVAILABILITY = YES_AGGRESSIVE;
				CLANG_WARN_UNREACHABLE_CODE = YES;
				CLANG_WARN__DUPLICATE_METHOD_MATCH = YES;
				CODE_SIGN_IDENTITY = "iPhone Developer";
				COPY_PHASE_STRIP = NO;
				DEBUG_INFORMATION_FORMAT = dwarf;
				ENABLE_STRICT_OBJC_MSGSEND = YES;
				ENABLE_TESTABILITY = YES;
				GCC_C_LANGUAGE_STANDARD = gnu11;
				GCC_DYNAMIC_NO_PIC = NO;
				GCC_NO_COMMON_BLOCKS = YES;
				GCC_OPTIMIZATION_LEVEL = 0;
				GCC_PREPROCESSOR_DEFINITIONS = (
					"DEBUG=1",
					"$(inherited)",
				);
				GCC_WARN_64_TO_32_BIT_CONVERSION = YES;
				GCC_WARN_ABOUT_RETURN_TYPE = YES_ERROR;
				GCC_WARN_UNDECLARED_SELECTOR = YES;
				GCC_WARN_UNINITIALIZED_AUTOS = YES_AGGRESSIVE;
				GCC_WARN_UNUSED_FUNCTION = YES;
				GCC_WARN_UNUSED_VARIABLE = YES;
				IPHONEOS_DEPLOYMENT_TARGET = 12.1;
				MTL_ENABLE_DEBUG_INFO = INCLUDE_SOURCE;
				MTL_FAST_MATH = YES;
				ONLY_ACTIVE_ARCH = YES;
				SDKROOT = iphoneos;
				SWIFT_ACTIVE_COMPILATION_CONDITIONS = DEBUG;
				SWIFT_OPTIMIZATION_LEVEL = "-Onone";
			};
			name = Debug;
		};
		5ACF020C223EFEC500FBD3DC /* Release */ = {
			isa = XCBuildConfiguration;
			buildSettings = {
				ALWAYS_SEARCH_USER_PATHS = NO;
				CLANG_ANALYZER_NONNULL = YES;
				CLANG_ANALYZER_NUMBER_OBJECT_CONVERSION = YES_AGGRESSIVE;
				CLANG_CXX_LANGUAGE_STANDARD = "gnu++14";
				CLANG_CXX_LIBRARY = "libc++";
				CLANG_ENABLE_MODULES = YES;
				CLANG_ENABLE_OBJC_ARC = YES;
				CLANG_ENABLE_OBJC_WEAK = YES;
				CLANG_WARN_BLOCK_CAPTURE_AUTORELEASING = YES;
				CLANG_WARN_BOOL_CONVERSION = YES;
				CLANG_WARN_COMMA = YES;
				CLANG_WARN_CONSTANT_CONVERSION = YES;
				CLANG_WARN_DEPRECATED_OBJC_IMPLEMENTATIONS = YES;
				CLANG_WARN_DIRECT_OBJC_ISA_USAGE = YES_ERROR;
				CLANG_WARN_DOCUMENTATION_COMMENTS = YES;
				CLANG_WARN_EMPTY_BODY = YES;
				CLANG_WARN_ENUM_CONVERSION = YES;
				CLANG_WARN_INFINITE_RECURSION = YES;
				CLANG_WARN_INT_CONVERSION = YES;
				CLANG_WARN_NON_LITERAL_NULL_CONVERSION = YES;
				CLANG_WARN_OBJC_IMPLICIT_RETAIN_SELF = YES;
				CLANG_WARN_OBJC_LITERAL_CONVERSION = YES;
				CLANG_WARN_OBJC_ROOT_CLASS = YES_ERROR;
				CLANG_WARN_RANGE_LOOP_ANALYSIS = YES;
				CLANG_WARN_STRICT_PROTOTYPES = YES;
				CLANG_WARN_SUSPICIOUS_MOVE = YES;
				CLANG_WARN_UNGUARDED_AVAILABILITY = YES_AGGRESSIVE;
				CLANG_WARN_UNREACHABLE_CODE = YES;
				CLANG_WARN__DUPLICATE_METHOD_MATCH = YES;
				CODE_SIGN_IDENTITY = "iPhone Developer";
				COPY_PHASE_STRIP = NO;
				DEBUG_INFORMATION_FORMAT = "dwarf-with-dsym";
				ENABLE_NS_ASSERTIONS = NO;
				ENABLE_STRICT_OBJC_MSGSEND = YES;
				GCC_C_LANGUAGE_STANDARD = gnu11;
				GCC_NO_COMMON_BLOCKS = YES;
				GCC_WARN_64_TO_32_BIT_CONVERSION = YES;
				GCC_WARN_ABOUT_RETURN_TYPE = YES_ERROR;
				GCC_WARN_UNDECLARED_SELECTOR = YES;
				GCC_WARN_UNINITIALIZED_AUTOS = YES_AGGRESSIVE;
				GCC_WARN_UNUSED_FUNCTION = YES;
				GCC_WARN_UNUSED_VARIABLE = YES;
				IPHONEOS_DEPLOYMENT_TARGET = 12.1;
				MTL_ENABLE_DEBUG_INFO = NO;
				MTL_FAST_MATH = YES;
				SDKROOT = iphoneos;
				SWIFT_COMPILATION_MODE = wholemodule;
				SWIFT_OPTIMIZATION_LEVEL = "-O";
				VALIDATE_PRODUCT = YES;
			};
			name = Release;
		};
		5ACF020E223EFEC500FBD3DC /* Debug */ = {
			isa = XCBuildConfiguration;
			baseConfigurationReference = 2B66D535C0966E71B02A78DC /* Pods-myExpenseTracker.debug.xcconfig */;
			buildSettings = {
				ASSETCATALOG_COMPILER_APPICON_NAME = AppIcon;
				CODE_SIGN_STYLE = Manual;
				CURRENT_PROJECT_VERSION = 1.0.17;
				DEVELOPMENT_TEAM = WSH8T4CK9T;
				FRAMEWORK_SEARCH_PATHS = "$(inherited)";
				HEADER_SEARCH_PATHS = "$(inherited)";
				INFOPLIST_FILE = myExpenseTracker/Info.plist;
				IPHONEOS_DEPLOYMENT_TARGET = 11.0;
				LD_RUNPATH_SEARCH_PATHS = (
					"$(inherited)",
					"@executable_path/Frameworks",
				);
				MARKETING_VERSION = 1.0.17;
				PRODUCT_BUNDLE_IDENTIFIER = "home-office.myExpenseTracker";
				PRODUCT_NAME = "$(TARGET_NAME)";
				PROVISIONING_PROFILE_SPECIFIER = MyExpenseTrackerDev;
				SWIFT_VERSION = 4.2;
				TARGETED_DEVICE_FAMILY = 1;
			};
			name = Debug;
		};
		5ACF020F223EFEC500FBD3DC /* Release */ = {
			isa = XCBuildConfiguration;
			baseConfigurationReference = B802BF75536E766A536DC9B4 /* Pods-myExpenseTracker.release.xcconfig */;
			buildSettings = {
				ASSETCATALOG_COMPILER_APPICON_NAME = AppIcon;
				CODE_SIGN_IDENTITY = "iPhone Distribution";
				CODE_SIGN_STYLE = Manual;
				CURRENT_PROJECT_VERSION = 1.0.17;
				DEVELOPMENT_TEAM = WSH8T4CK9T;
				FRAMEWORK_SEARCH_PATHS = "$(inherited)";
				HEADER_SEARCH_PATHS = "$(inherited)";
				INFOPLIST_FILE = myExpenseTracker/Info.plist;
				IPHONEOS_DEPLOYMENT_TARGET = 11.0;
				LD_RUNPATH_SEARCH_PATHS = (
					"$(inherited)",
					"@executable_path/Frameworks",
				);
				MARKETING_VERSION = 1.0.17;
				PRODUCT_BUNDLE_IDENTIFIER = "home-office.myExpenseTracker";
				PRODUCT_NAME = "$(TARGET_NAME)";
				PROVISIONING_PROFILE_SPECIFIER = MyExpenseTrackerProd;
				SWIFT_VERSION = 4.2;
				TARGETED_DEVICE_FAMILY = 1;
			};
			name = Release;
		};
/* End XCBuildConfiguration section */

/* Begin XCConfigurationList section */
		5ACF01F6223EFEC400FBD3DC /* Build configuration list for PBXProject "myExpenseTracker" */ = {
			isa = XCConfigurationList;
			buildConfigurations = (
				5ACF020B223EFEC500FBD3DC /* Debug */,
				5ACF020C223EFEC500FBD3DC /* Release */,
			);
			defaultConfigurationIsVisible = 0;
			defaultConfigurationName = Release;
		};
		5ACF020D223EFEC500FBD3DC /* Build configuration list for PBXNativeTarget "myExpenseTracker" */ = {
			isa = XCConfigurationList;
			buildConfigurations = (
				5ACF020E223EFEC500FBD3DC /* Debug */,
				5ACF020F223EFEC500FBD3DC /* Release */,
			);
			defaultConfigurationIsVisible = 0;
			defaultConfigurationName = Release;
		};
/* End XCConfigurationList section */
	};
	rootObject = 5ACF01F3223EFEC400FBD3DC /* Project object */;
}
